
Microsoft Visual Studio Solution File, Format Version 12.00
# Visual Studio Version 17
VisualStudioVersion = 17.9.34728.123
MinimumVisualStudioVersion = 10.0.40219.1
Project("{9A19103F-16F7-4668-BE54-9A1E7A4F7556}") = "LogisticControl.Core", "LogisticControl.Core\LogisticControl.Core.csproj", "{695B4FC5-7548-4CC1-870D-CE894C196AA4}"
EndProject
Project("{9A19103F-16F7-4668-BE54-9A1E7A4F7556}") = "LogisticControl.Repository", "LogisticControl.Repository\LogisticControl.Repository.csproj", "{41294649-55A6-40E8-A008-9FF900CB6C25}"
EndProject
Project("{9A19103F-16F7-4668-BE54-9A1E7A4F7556}") = "LogisticControl.Services", "LogisticControl.Services\LogisticControl.Services.csproj", "{0A75DA70-91C3-4A07-8361-3E73A976CD60}"
EndProject
Project("{9A19103F-16F7-4668-BE54-9A1E7A4F7556}") = "LogisticControl.Domain", "LogisticControl.Domain\LogisticControl.Domain.csproj", "{68E3119C-18F0-4FF4-8CDF-D7D7ACF1B2AE}"
EndProject
Project("{9A19103F-16F7-4668-BE54-9A1E7A4F7556}") = "LogisticControl.Api", "LogisticControl.API\LogisticControl.Api.csproj", "{4980B256-0BBB-4DE5-A756-B48B9380BE6E}"
EndProject
Global
	GlobalSection(SolutionConfigurationPlatforms) = preSolution
		Debug|Any CPU = Debug|Any CPU
		Release|Any CPU = Release|Any CPU
	EndGlobalSection
	GlobalSection(ProjectConfigurationPlatforms) = postSolution
		{695B4FC5-7548-4CC1-870D-CE894C196AA4}.Debug|Any CPU.ActiveCfg = Debug|Any CPU
		{695B4FC5-7548-4CC1-870D-CE894C196AA4}.Debug|Any CPU.Build.0 = Debug|Any CPU
		{695B4FC5-7548-4CC1-870D-CE894C196AA4}.Release|Any CPU.ActiveCfg = Release|Any CPU
		{695B4FC5-7548-4CC1-870D-CE894C196AA4}.Release|Any CPU.Build.0 = Release|Any CPU
		{41294649-55A6-40E8-A008-9FF900CB6C25}.Debug|Any CPU.ActiveCfg = Debug|Any CPU
		{41294649-55A6-40E8-A008-9FF900CB6C25}.Debug|Any CPU.Build.0 = Debug|Any CPU
		{41294649-55A6-40E8-A008-9FF900CB6C25}.Release|Any CPU.ActiveCfg = Release|Any CPU
		{41294649-55A6-40E8-A008-9FF900CB6C25}.Release|Any CPU.Build.0 = Release|Any CPU
		{0A75DA70-91C3-4A07-8361-3E73A976CD60}.Debug|Any CPU.ActiveCfg = Debug|Any CPU
		{0A75DA70-91C3-4A07-8361-3E73A976CD60}.Debug|Any CPU.Build.0 = Debug|Any CPU
		{0A75DA70-91C3-4A07-8361-3E73A976CD60}.Release|Any CPU.ActiveCfg = Release|Any CPU
		{0A75DA70-91C3-4A07-8361-3E73A976CD60}.Release|Any CPU.Build.0 = Release|Any CPU
		{68E3119C-18F0-4FF4-8CDF-D7D7ACF1B2AE}.Debug|Any CPU.ActiveCfg = Debug|Any CPU
		{68E3119C-18F0-4FF4-8CDF-D7D7ACF1B2AE}.Debug|Any CPU.Build.0 = Debug|Any CPU
		{68E3119C-18F0-4FF4-8CDF-D7D7ACF1B2AE}.Release|Any CPU.ActiveCfg = Release|Any CPU
		{68E3119C-18F0-4FF4-8CDF-D7D7ACF1B2AE}.Release|Any CPU.Build.0 = Release|Any CPU
		{4980B256-0BBB-4DE5-A756-B48B9380BE6E}.Debug|Any CPU.ActiveCfg = Debug|Any CPU
		{4980B256-0BBB-4DE5-A756-B48B9380BE6E}.Debug|Any CPU.Build.0 = Debug|Any CPU
		{4980B256-0BBB-4DE5-A756-B48B9380BE6E}.Release|Any CPU.ActiveCfg = Release|Any CPU
		{4980B256-0BBB-4DE5-A756-B48B9380BE6E}.Release|Any CPU.Build.0 = Release|Any CPU
	EndGlobalSection
	GlobalSection(SolutionProperties) = preSolution
		HideSolutionNode = FALSE
	EndGlobalSection
	GlobalSection(ExtensibilityGlobals) = postSolution
		SolutionGuid = {AEBEE195-A8EE-47F8-BE39-B4E4FB0C43F5}
	EndGlobalSection
EndGlobal
